
Microsoft Visual Studio Solution File, Format Version 12.00
# Visual Studio Version 17
VisualStudioVersion = 17.6.33717.318
MinimumVisualStudioVersion = 10.0.40219.1
Project("{FAE04EC0-301F-11D3-BF4B-00C04F79EFBC}") = "WDCApp", "WDCApp\WDCApp.csproj", "{B771DADF-2D90-49C2-A671-CB6A2301C731}"
EndProject
Global
	GlobalSection(SolutionConfigurationPlatforms) = preSolution
		Debug|Any CPU = Debug|Any CPU
		Release|Any CPU = Release|Any CPU
	EndGlobalSection
	GlobalSection(ProjectConfigurationPlatforms) = postSolution
		{B771DADF-2D90-49C2-A671-CB6A2301C731}.Debug|Any CPU.ActiveCfg = Debug|Any CPU
		{B771DADF-2D90-49C2-A671-CB6A2301C731}.Debug|Any CPU.Build.0 = Debug|Any CPU
		{B771DADF-2D90-49C2-A671-CB6A2301C731}.Release|Any CPU.ActiveCfg = Release|Any CPU
		{B771DADF-2D90-49C2-A671-CB6A2301C731}.Release|Any CPU.Build.0 = Release|Any CPU
	EndGlobalSection
	GlobalSection(SolutionProperties) = preSolution
		HideSolutionNode = FALSE
	EndGlobalSection
	GlobalSection(ExtensibilityGlobals) = postSolution
		SolutionGuid = {170F4C8A-8D61-40C9-B1F7-D1DCEF1E8C6E}
	EndGlobalSection
EndGlobal
